PODS:
  - Objective-CSS (0.0.1):
    - ParseKit
  - ParseKit (0.7)

DEPENDENCIES:
  - Objective-CSS (from `../`)

EXTERNAL SOURCES:
  Objective-CSS:
    :path: ../

SPEC CHECKSUMS:
  Objective-CSS: 2006214fbf6d4462db6af9763eaea5a91836e60d
  ParseKit: b7a059d743342b674bf905792fd66f1027bd3d8d

COCOAPODS: 0.24.0
